{
  "name": "chess_insights",
  "version": "1.1.0",
  "lockfileVersion": 3,
  "requires": true,
  "packages": {
    "": {
      "name": "chess_insights",
      "version": "1.1.0",
      "license": "GPL-3.0-or-later",
      "dependencies": {
        "@lichess-org/chessground": "^10.1.1"
      }
    },
    "node_modules/@lichess-org/chessground": {
      "version": "10.1.1",
      "resolved": "https://registry.npmjs.org/@lichess-org/chessground/-/chessground-10.1.1.tgz",
      "integrity": "sha512-IBEs8+J64/zE8QB4NXxsvpjm/tHRjfQAdWwUh4xzqqN+RValgthWHemLnxsmtHFwuxvO4lHd+crp1ecgZxKVoQ==",
      "license": "GPL-3.0-or-later",
      "funding": {
        "url": "https://lichess.org/patron"
      }
    }
  }
}
